Microsoft Visual Studio Solution File, Format Version 12.00
# Visual Studio Version 17
VisualStudioVersion = 17.5.2.0
MinimumVisualStudioVersion = 10.0.40219.1
Project("{FAE04EC0-301F-11D3-BF4B-00C04F79EFBC}") = "PdfTargetValidator", "PdfTargetValidator\PdfTargetValidator.csproj", "{0306F7CD-37AE-F9B3-126D-A0C9322F055B}"
EndProject
Global
	GlobalSection(SolutionConfigurationPlatforms) = preSolution
		Debug|Any CPU = Debug|Any CPU
		Release|Any CPU = Release|Any CPU
	EndGlobalSection
	GlobalSection(ProjectConfigurationPlatforms) = postSolution
		{0306F7CD-37AE-F9B3-126D-A0C9322F055B}.Debug|Any CPU.ActiveCfg = Debug|Any CPU
		{0306F7CD-37AE-F9B3-126D-A0C9322F055B}.Debug|Any CPU.Build.0 = Debug|Any CPU
		{0306F7CD-37AE-F9B3-126D-A0C9322F055B}.Release|Any CPU.ActiveCfg = Release|Any CPU
		{0306F7CD-37AE-F9B3-126D-A0C9322F055B}.Release|Any CPU.Build.0 = Release|Any CPU
	EndGlobalSection
	GlobalSection(SolutionProperties) = preSolution
		HideSolutionNode = FALSE
	EndGlobalSection
	GlobalSection(ExtensibilityGlobals) = postSolution
		SolutionGuid = {57FE3103-0BAD-4A4D-A0D7-ABF9B637066C}
	EndGlobalSection
EndGlobal
